// !$*UTF8*$!
{
	archiveVersion = 1;
	classes = {
	};
	objectVersion = 50;
	objects = {

/* Begin PBXBuildFile section */
		18B592C521D0C38C0074E86A /* AppDelegate.swift in Sources */ = {isa = PBXBuildFile; fileRef = 18B592C421D0C38C0074E86A /* AppDelegate.swift */; };
		18B592C721D0C38C0074E86A /* ViewController.swift in Sources */ = {isa = PBXBuildFile; fileRef = 18B592C621D0C38C0074E86A /* ViewController.swift */; };
		18B592CA21D0C38C0074E86A /* Main.storyboard in Resources */ = {isa = PBXBuildFile; fileRef = 18B592C821D0C38C0074E86A /* Main.storyboard */; };
		18B592CC21D0C38E0074E86A /* Assets.xcassets in Resources */ = {isa = PBXBuildFile; fileRef = 18B592CB21D0C38E0074E86A /* Assets.xcassets */; };
		18B592CF21D0C38E0074E86A /* LaunchScreen.storyboard in Resources */ = {isa = PBXBuildFile; fileRef = 18B592CD21D0C38E0074E86A /* LaunchScreen.storyboard */; };
		18B592DA21D0C38E0074E86A /* SwiftExerciseTests.swift in Sources */ = {isa = PBXBuildFile; fileRef = 18B592D921D0C38E0074E86A /* SwiftExerciseTests.swift */; };
		18B592E521D0C38E0074E86A /* SwiftExerciseUITests.swift in Sources */ = {isa = PBXBuildFile; fileRef = 18B592E421D0C38E0074E86A /* SwiftExerciseUITests.swift */; };
/* End PBXBuildFile section */

/* Begin PBXContainerItemProxy section */
		18B592D621D0C38E0074E86A /* PBXContainerItemProxy */ = {
			isa = PBXContainerItemProxy;
			containerPortal = 18B592B921D0C38C0074E86A /* Project object */;
			proxyType = 1;
			remoteGlobalIDString = 18B592C021D0C38C0074E86A;
			remoteInfo = SwiftExercise;
		};
		18B592E121D0C38E0074E86A /* PBXContainerItemProxy */ = {
			isa = PBXContainerItemProxy;
			containerPortal = 18B592B921D0C38C0074E86A /* Project object */;
			proxyType = 1;
			remoteGlobalIDString = 18B592C021D0C38C0074E86A;
			remoteInfo = SwiftExercise;
		};
/* End PBXContainerItemProxy section */

/* Begin PBXFileReference section */
		18B592C121D0C38C0074E86A /* SwiftExercise.app */ = {isa = PBXFileReference; explicitFileType = wrapper.application; includeInIndex = 0; path = SwiftExercise.app; sourceTree = BUILT_PRODUCTS_DIR; };
		18B592C421D0C38C0074E86A /* AppDelegate.swift */ = {isa = PBXFileReference; lastKnownFileType = sourcecode.swift; path = AppDelegate.swift; sourceTree = "<group>"; };
		18B592C621D0C38C0074E86A /* ViewController.swift */ = {isa = PBXFileReference; lastKnownFileType = sourcecode.swift; path = ViewController.swift; sourceTree = "<group>"; };
		18B592C921D0C38C0074E86A /* Base */ = {isa = PBXFileReference; lastKnownFileType = file.storyboard; name = Base; path = Base.lproj/Main.storyboard; sourceTree = "<group>"; };
		18B592CB21D0C38E0074E86A /* Assets.xcassets */ = {isa = PBXFileReference; lastKnownFileType = folder.assetcatalog; path = Assets.xcassets; sourceTree = "<group>"; };
		18B592CE21D0C38E0074E86A /* Base */ = {isa = PBXFileReference; lastKnownFileType = file.storyboard; name = Base; path = Base.lproj/LaunchScreen.storyboard; sourceTree = "<group>"; };
		18B592D021D0C38E0074E86A /* Info.plist */ = {isa = PBXFileReference; lastKnownFileType = text.plist.xml; path = Info.plist; sourceTree = "<group>"; };
		18B592D521D0C38E0074E86A /* SwiftExerciseTests.xctest */ = {isa = PBXFileReference; explicitFileType = wrapper.cfbundle; includeInIndex = 0; path = SwiftExerciseTests.xctest; sourceTree = BUILT_PRODUCTS_DIR; };
		18B592D921D0C38E0074E86A /* SwiftExerciseTests.swift */ = {isa = PBXFileReference; lastKnownFileType = sourcecode.swift; path = SwiftExerciseTests.swift; sourceTree = "<group>"; };
		18B592DB21D0C38E0074E86A /* Info.plist */ = {isa = PBXFileReference; lastKnownFileType = text.plist.xml; path = Info.plist; sourceTree = "<group>"; };
		18B592E021D0C38E0074E86A /* SwiftExerciseUITests.xctest */ = {isa = PBXFileReference; explicitFileType = wrapper.cfbundle; includeInIndex = 0; path = SwiftExerciseUITests.xctest; sourceTree = BUILT_PRODUCTS_DIR; };
		18B592E421D0C38E0074E86A /* SwiftExerciseUITests.swift */ = {isa = PBXFileReference; lastKnownFileType = sourcecode.swift; path = SwiftExerciseUITests.swift; sourceTree = "<group>"; };
		18B592E621D0C38E0074E86A /* Info.plist */ = {isa = PBXFileReference; lastKnownFileType = text.plist.xml; path = Info.plist; sourceTree = "<group>"; };
/* End PBXFileReference section */

/* Begin PBXFrameworksBuildPhase section */
		18B592BE21D0C38C0074E86A /* Frameworks */ = {
			isa = PBXFrameworksBuildPhase;
			buildActionMask = 2147483647;
			files = (
			);
			runOnlyForDeploymentPostprocessing = 0;
		};
		18B592D221D0C38E0074E86A /* Frameworks */ = {
			isa = PBXFrameworksBuildPhase;
			buildActionMask = 2147483647;
			files = (
			);
			runOnlyForDeploymentPostprocessing = 0;
		};
		18B592DD21D0C38E0074E86A /* Frameworks */ = {
			isa = PBXFrameworksBuildPhase;
			buildActionMask = 2147483647;
			files = (
			);
			runOnlyForDeploymentPostprocessing = 0;
		};
/* End PBXFrameworksBuildPhase section */

/* Begin PBXGroup section */
		18B592B821D0C38C0074E86A = {
			isa = PBXGroup;
			children = (
				18B592C321D0C38C0074E86A /* SwiftExercise */,
				18B592D821D0C38E0074E86A /* SwiftExerciseTests */,
				18B592E321D0C38E0074E86A /* SwiftExerciseUITests */,
				18B592C221D0C38C0074E86A /* Products */,
			);
			sourceTree = "<group>";
		};
		18B592C221D0C38C0074E86A /* Products */ = {
			isa = PBXGroup;
			children = (
				18B592C121D0C38C0074E86A /* SwiftExercise.app */,
				18B592D521D0C38E0074E86A /* SwiftExerciseTests.xctest */,
				18B592E021D0C38E0074E86A /* SwiftExerciseUITests.xctest */,
			);
			name = Products;
			sourceTree = "<group>";
		};
		18B592C321D0C38C0074E86A /* SwiftExercise */ = {
			isa = PBXGroup;
			children = (
				18B592C421D0C38C0074E86A /* AppDelegate.swift */,
				18B592C621D0C38C0074E86A /* ViewController.swift */,
				18B592C821D0C38C0074E86A /* Main.storyboard */,
				18B592CB21D0C38E0074E86A /* Assets.xcassets */,
				18B592CD21D0C38E0074E86A /* LaunchScreen.storyboard */,
				18B592D021D0C38E0074E86A /* Info.plist */,
			);
			path = SwiftExercise;
			sourceTree = "<group>";
		};
		18B592D821D0C38E0074E86A /* SwiftExerciseTests */ = {
			isa = PBXGroup;
			children = (
				18B592D921D0C38E0074E86A /* SwiftExerciseTests.swift */,
				18B592DB21D0C38E0074E86A /* Info.plist */,
			);
			path = SwiftExerciseTests;
			sourceTree = "<group>";
		};
		18B592E321D0C38E0074E86A /* SwiftExerciseUITests */ = {
			isa = PBXGroup;
			children = (
				18B592E421D0C38E0074E86A /* SwiftExerciseUITests.swift */,
				18B592E621D0C38E0074E86A /* Info.plist */,
			);
			path = SwiftExerciseUITests;
			sourceTree = "<group>";
		};
/* End PBXGroup section */

/* Begin PBXNativeTarget section */
		18B592C021D0C38C0074E86A /* SwiftExercise */ = {
			isa = PBXNativeTarget;
			buildConfigurationList = 18B592E921D0C38E0074E86A /* Build configuration list for PBXNativeTarget "SwiftExercise" */;
			buildPhases = (
				18B592BD21D0C38C0074E86A /* Sources */,
				18B592BE21D0C38C0074E86A /* Frameworks */,
				18B592BF21D0C38C0074E86A /* Resources */,
			);
			buildRules = (
			);
			dependencies = (
			);
			name = SwiftExercise;
			productName = SwiftExercise;
			productReference = 18B592C121D0C38C0074E86A /* SwiftExercise.app */;
			productType = "com.apple.product-type.application";
		};
		18B592D421D0C38E0074E86A /* SwiftExerciseTests */ = {
			isa = PBXNativeTarget;
			buildConfigurationList = 18B592EC21D0C38E0074E86A /* Build configuration list for PBXNativeTarget "SwiftExerciseTests" */;
			buildPhases = (
				18B592D121D0C38E0074E86A /* Sources */,
				18B592D221D0C38E0074E86A /* Frameworks */,
				18B592D321D0C38E0074E86A /* Resources */,
			);
			buildRules = (
			);
			dependencies = (
				18B592D721D0C38E0074E86A /* PBXTargetDependency */,
			);
			name = SwiftExerciseTests;
			productName = SwiftExerciseTests;
			productReference = 18B592D521D0C38E0074E86A /* SwiftExerciseTests.xctest */;
			productType = "com.apple.product-type.bundle.unit-test";
		};
		18B592DF21D0C38E0074E86A /* SwiftExerciseUITests */ = {
			isa = PBXNativeTarget;
			buildConfigurationList = 18B592EF21D0C38E0074E86A /* Build configuration list for PBXNativeTarget "SwiftExerciseUITests" */;
			buildPhases = (
				18B592DC21D0C38E0074E86A /* Sources */,
				18B592DD21D0C38E0074E86A /* Frameworks */,
				18B592DE21D0C38E0074E86A /* Resources */,
			);
			buildRules = (
			);
			dependencies = (
				18B592E221D0C38E0074E86A /* PBXTargetDependency */,
			);
			name = SwiftExerciseUITests;
			productName = SwiftExerciseUITests;
			productReference = 18B592E021D0C38E0074E86A /* SwiftExerciseUITests.xctest */;
			productType = "com.apple.product-type.bundle.ui-testing";
		};
/* End PBXNativeTarget section */

/* Begin PBXProject section */
		18B592B921D0C38C0074E86A /* Project object */ = {
			isa = PBXProject;
			attributes = {
				LastSwiftUpdateCheck = 0940;
				LastUpgradeCheck = 0940;
				ORGANIZATIONNAME = apple;
				TargetAttributes = {
					18B592C021D0C38C0074E86A = {
						CreatedOnToolsVersion = 9.4.1;
					};
					18B592D421D0C38E0074E86A = {
						CreatedOnToolsVersion = 9.4.1;
						TestTargetID = 18B592C021D0C38C0074E86A;
					};
					18B592DF21D0C38E0074E86A = {
						CreatedOnToolsVersion = 9.4.1;
						TestTargetID = 18B592C021D0C38C0074E86A;
					};
				};
			};
			buildConfigurationList = 18B592BC21D0C38C0074E86A /* Build configuration list for PBXProject "SwiftExercise" */;
			compatibilityVersion = "Xcode 9.3";
			developmentRegion = en;
			hasScannedForEncodings = 0;
			knownRegions = (
				en,
				Base,
			);
			mainGroup = 18B592B821D0C38C0074E86A;
			productRefGroup = 18B592C221D0C38C0074E86A /* Products */;
			projectDirPath = "";
			projectRoot = "";
			targets = (
				18B592C021D0C38C0074E86A /* SwiftExercise */,
				18B592D421D0C38E0074E86A /* SwiftExerciseTests */,
				18B592DF21D0C38E0074E86A /* SwiftExerciseUITests */,
			);
		};
/* End PBXProject section */

/* Begin PBXResourcesBuildPhase section */
		18B592BF21D0C38C0074E86A /* Resources */ = {
			isa = PBXResourcesBuildPhase;
			buildActionMask = 2147483647;
			files = (
				18B592CF21D0C38E0074E86A /* LaunchScreen.storyboard in Resources */,
				18B592CC21D0C38E0074E86A /* Assets.xcassets in Resources */,
				18B592CA21D0C38C0074E86A /* Main.storyboard in Resources */,
			);
			runOnlyForDeploymentPostprocessing = 0;
		};
		18B592D321D0C38E0074E86A /* Resources */ = {
			isa = PBXResourcesBuildPhase;
			buildActionMask = 2147483647;
			files = (
			);
			runOnlyForDeploymentPostprocessing = 0;
		};
		18B592DE21D0C38E0074E86A /* Resources */ = {
			isa = PBXResourcesBuildPhase;
			buildActionMask = 2147483647;
			files = (
			);
			runOnlyForDeploymentPostprocessing = 0;
		};
/* End PBXResourcesBuildPhase section */

/* Begin PBXSourcesBuildPhase section */
		18B592BD21D0C38C0074E86A /* Sources */ = {
			isa = PBXSourcesBuildPhase;
			buildActionMask = 2147483647;
			files = (
				18B592C721D0C38C0074E86A /* ViewController.swift in Sources */,
				18B592C521D0C38C0074E86A /* AppDelegate.swift in Sources */,
			);
			runOnlyForDeploymentPostprocessing = 0;
		};
		18B592D121D0C38E0074E86A /* Sources */ = {
			isa = PBXSourcesBuildPhase;
			buildActionMask = 2147483647;
			files = (
				18B592DA21D0C38E0074E86A /* SwiftExerciseTests.swift in Sources */,
			);
			runOnlyForDeploymentPostprocessing = 0;
		};
		18B592DC21D0C38E0074E86A /* Sources */ = {
			isa = PBXSourcesBuildPhase;
			buildActionMask = 2147483647;
			files = (
				18B592E521D0C38E0074E86A /* SwiftExerciseUITests.swift in Sources */,
			);
			runOnlyForDeploymentPostprocessing = 0;
		};
/* End PBXSourcesBuildPhase section */

/* Begin PBXTargetDependency section */
		18B592D721D0C38E0074E86A /* PBXTargetDependency */ = {
			isa = PBXTargetDependency;
			target = 18B592C021D0C38C0074E86A /* SwiftExercise */;
			targetProxy = 18B592D621D0C38E0074E86A /* PBXContainerItemProxy */;
		};
		18B592E221D0C38E0074E86A /* PBXTargetDependency */ = {
			isa = PBXTargetDependency;
			target = 18B592C021D0C38C0074E86A /* SwiftExercise */;
			targetProxy = 18B592E121D0C38E0074E86A /* PBXContainerItemProxy */;
		};
/* End PBXTargetDependency section */

/* Begin PBXVariantGroup section */
		18B592C821D0C38C0074E86A /* Main.storyboard */ = {
			isa = PBXVariantGroup;
			children = (
				18B592C921D0C38C0074E86A /* Base */,
			);
			name = Main.storyboard;
			sourceTree = "<group>";
		};
		18B592CD21D0C38E0074E86A /* LaunchScreen.storyboard */ = {
			isa = PBXVariantGroup;
			children = (
				18B592CE21D0C38E0074E86A /* Base */,
			);
			name = LaunchScreen.storyboard;
			sourceTree = "<group>";
		};
/* End PBXVariantGroup section */

/* Begin XCBuildConfiguration section */
		18B592E721D0C38E0074E86A /* Debug */ = {
			isa = XCBuildConfiguration;
			buildSettings = {
				ALWAYS_SEARCH_USER_PATHS = NO;
				CLANG_ANALYZER_NONNULL = YES;
				CLANG_ANALYZER_NUMBER_OBJECT_CONVERSION = YES_AGGRESSIVE;
				CLANG_CXX_LANGUAGE_STANDARD = "gnu++14";
				CLANG_CXX_LIBRARY = "libc++";
				CLANG_ENABLE_MODULES = YES;
				CLANG_ENABLE_OBJC_ARC = YES;
				CLANG_ENABLE_OBJC_WEAK = YES;
				CLANG_WARN_BLOCK_CAPTURE_AUTORELEASING = YES;
				CLANG_WARN_BOOL_CONVERSION = YES;
				CLANG_WARN_COMMA = YES;
				CLANG_WARN_CONSTANT_CONVERSION = YES;
				CLANG_WARN_DEPRECATED_OBJC_IMPLEMENTATIONS = YES;
				CLANG_WARN_DIRECT_OBJC_ISA_USAGE = YES_ERROR;
				CLANG_WARN_DOCUMENTATION_COMMENTS = YES;
				CLANG_WARN_EMPTY_BODY = YES;
				CLANG_WARN_ENUM_CONVERSION = YES;
				CLANG_WARN_INFINITE_RECURSION = YES;
				CLANG_WARN_INT_CONVERSION = YES;
				CLANG_WARN_NON_LITERAL_NULL_CONVERSION = YES;
				CLANG_WARN_OBJC_IMPLICIT_RETAIN_SELF = YES;
				CLANG_WARN_OBJC_LITERAL_CONVERSION = YES;
				CLANG_WARN_OBJC_ROOT_CLASS = YES_ERROR;
				CLANG_WARN_RANGE_LOOP_ANALYSIS = YES;
				CLANG_WARN_STRICT_PROTOTYPES = YES;
				CLANG_WARN_SUSPICIOUS_MOVE = YES;
				CLANG_WARN_UNGUARDED_AVAILABILITY = YES_AGGRESSIVE;
				CLANG_WARN_UNREACHABLE_CODE = YES;
				CLANG_WARN__DUPLICATE_METHOD_MATCH = YES;
				CODE_SIGN_IDENTITY = "iPhone Developer";
				COPY_PHASE_STRIP = NO;
				DEBUG_INFORMATION_FORMAT = dwarf;
				ENABLE_STRICT_OBJC_MSGSEND = YES;
				ENABLE_TESTABILITY = YES;
				GCC_C_LANGUAGE_STANDARD = gnu11;
				GCC_DYNAMIC_NO_PIC = NO;
				GCC_NO_COMMON_BLOCKS = YES;
				GCC_OPTIMIZATION_LEVEL = 0;
				GCC_PREPROCESSOR_DEFINITIONS = (
					"DEBUG=1",
					"$(inherited)",
				);
				GCC_WARN_64_TO_32_BIT_CONVERSION = YES;
				GCC_WARN_ABOUT_RETURN_TYPE = YES_ERROR;
				GCC_WARN_UNDECLARED_SELECTOR = YES;
				GCC_WARN_UNINITIALIZED_AUTOS = YES_AGGRESSIVE;
				GCC_WARN_UNUSED_FUNCTION = YES;
				GCC_WARN_UNUSED_VARIABLE = YES;
				IPHONEOS_DEPLOYMENT_TARGET = 11.4;
				MTL_ENABLE_DEBUG_INFO = YES;
				ONLY_ACTIVE_ARCH = YES;
				SDKROOT = iphoneos;
				SWIFT_ACTIVE_COMPILATION_CONDITIONS = DEBUG;
				SWIFT_OPTIMIZATION_LEVEL = "-Onone";
			};
			name = Debug;
		};
		18B592E821D0C38E0074E86A /* Release */ = {
			isa = XCBuildConfiguration;
			buildSettings = {
				ALWAYS_SEARCH_USER_PATHS = NO;
				CLANG_ANALYZER_NONNULL = YES;
				CLANG_ANALYZER_NUMBER_OBJECT_CONVERSION = YES_AGGRESSIVE;
				CLANG_CXX_LANGUAGE_STANDARD = "gnu++14";
				CLANG_CXX_LIBRARY = "libc++";
				CLANG_ENABLE_MODULES = YES;
				CLANG_ENABLE_OBJC_ARC = YES;
				CLANG_ENABLE_OBJC_WEAK = YES;
				CLANG_WARN_BLOCK_CAPTURE_AUTORELEASING = YES;
				CLANG_WARN_BOOL_CONVERSION = YES;
				CLANG_WARN_COMMA = YES;
				CLANG_WARN_CONSTANT_CONVERSION = YES;
				CLANG_WARN_DEPRECATED_OBJC_IMPLEMENTATIONS = YES;
				CLANG_WARN_DIRECT_OBJC_ISA_USAGE = YES_ERROR;
				CLANG_WARN_DOCUMENTATION_COMMENTS = YES;
				CLANG_WARN_EMPTY_BODY = YES;
				CLANG_WARN_ENUM_CONVERSION = YES;
				CLANG_WARN_INFINITE_RECURSION = YES;
				CLANG_WARN_INT_CONVERSION = YES;
				CLANG_WARN_NON_LITERAL_NULL_CONVERSION = YES;
				CLANG_WARN_OBJC_IMPLICIT_RETAIN_SELF = YES;
				CLANG_WARN_OBJC_LITERAL_CONVERSION = YES;
				CLANG_WARN_OBJC_ROOT_CLASS = YES_ERROR;
				CLANG_WARN_RANGE_LOOP_ANALYSIS = YES;
				CLANG_WARN_STRICT_PROTOTYPES = YES;
				CLANG_WARN_SUSPICIOUS_MOVE = YES;
				CLANG_WARN_UNGUARDED_AVAILABILITY = YES_AGGRESSIVE;
				CLANG_WARN_UNREACHABLE_CODE = YES;
				CLANG_WARN__DUPLICATE_METHOD_MATCH = YES;
				CODE_SIGN_IDENTITY = "iPhone Developer";
				COPY_PHASE_STRIP = NO;
				DEBUG_INFORMATION_FORMAT = "dwarf-with-dsym";
				ENABLE_NS_ASSERTIONS = NO;
				ENABLE_STRICT_OBJC_MSGSEND = YES;
				GCC_C_LANGUAGE_STANDARD = gnu11;
				GCC_NO_COMMON_BLOCKS = YES;
				GCC_WARN_64_TO_32_BIT_CONVERSION = YES;
				GCC_WARN_ABOUT_RETURN_TYPE = YES_ERROR;
				GCC_WARN_UNDECLARED_SELECTOR = YES;
				GCC_WARN_UNINITIALIZED_AUTOS = YES_AGGRESSIVE;
				GCC_WARN_UNUSED_FUNCTION = YES;
				GCC_WARN_UNUSED_VARIABLE = YES;
				IPHONEOS_DEPLOYMENT_TARGET = 11.4;
				MTL_ENABLE_DEBUG_INFO = NO;
				SDKROOT = iphoneos;
				SWIFT_COMPILATION_MODE = wholemodule;
				SWIFT_OPTIMIZATION_LEVEL = "-O";
				VALIDATE_PRODUCT = YES;
			};
			name = Release;
		};
		18B592EA21D0C38E0074E86A /* Debug */ = {
			isa = XCBuildConfiguration;
			buildSettings = {
				ASSETCATALOG_COMPILER_APPICON_NAME = AppIcon;
				CODE_SIGN_STYLE = Automatic;
				INFOPLIST_FILE = SwiftExercise/Info.plist;
				LD_RUNPATH_SEARCH_PATHS = (
					"$(inherited)",
					"@executable_path/Frameworks",
				);
				PRODUCT_BUNDLE_IDENTIFIER = com.sangame.com.SwiftExercise;
				PRODUCT_NAME = "$(TARGET_NAME)";
				SWIFT_VERSION = 4.0;
				TARGETED_DEVICE_FAMILY = "1,2";
			};
			name = Debug;
		};
		18B592EB21D0C38E0074E86A /* Release */ = {
			isa = XCBuildConfiguration;
			buildSettings = {
				ASSETCATALOG_COMPILER_APPICON_NAME = AppIcon;
				CODE_SIGN_STYLE = Automatic;
				INFOPLIST_FILE = SwiftExercise/Info.plist;
				LD_RUNPATH_SEARCH_PATHS = (
					"$(inherited)",
					"@executable_path/Frameworks",
				);
				PRODUCT_BUNDLE_IDENTIFIER = com.sangame.com.SwiftExercise;
				PRODUCT_NAME = "$(TARGET_NAME)";
				SWIFT_VERSION = 4.0;
				TARGETED_DEVICE_FAMILY = "1,2";
			};
			name = Release;
		};
		18B592ED21D0C38E0074E86A /* Debug */ = {
			isa = XCBuildConfiguration;
			buildSettings = {
				ALWAYS_EMBED_SWIFT_STANDARD_LIBRARIES = YES;
				BUNDLE_LOADER = "$(TEST_HOST)";
				CODE_SIGN_STYLE = Automatic;
				INFOPLIST_FILE = SwiftExerciseTests/Info.plist;
				LD_RUNPATH_SEARCH_PATHS = (
					"$(inherited)",
					"@executable_path/Frameworks",
					"@loader_path/Frameworks",
				);
				PRODUCT_BUNDLE_IDENTIFIER = com.sangame.com.SwiftExerciseTests;
				PRODUCT_NAME = "$(TARGET_NAME)";
				SWIFT_VERSION = 4.0;
				TARGETED_DEVICE_FAMILY = "1,2";
				TEST_HOST = "$(BUILT_PRODUCTS_DIR)/SwiftExercise.app/SwiftExercise";
			};
			name = Debug;
		};
		18B592EE21D0C38E0074E86A /* Release */ = {
			isa = XCBuildConfiguration;
			buildSettings = {
				ALWAYS_EMBED_SWIFT_STANDARD_LIBRARIES = YES;
				BUNDLE_LOADER = "$(TEST_HOST)";
				CODE_SIGN_STYLE = Automatic;
				INFOPLIST_FILE = SwiftExerciseTests/Info.plist;
				LD_RUNPATH_SEARCH_PATHS = (
					"$(inherited)",
					"@executable_path/Frameworks",
					"@loader_path/Frameworks",
				);
				PRODUCT_BUNDLE_IDENTIFIER = com.sangame.com.SwiftExerciseTests;
				PRODUCT_NAME = "$(TARGET_NAME)";
				SWIFT_VERSION = 4.0;
				TARGETED_DEVICE_FAMILY = "1,2";
				TEST_HOST = "$(BUILT_PRODUCTS_DIR)/SwiftExercise.app/SwiftExercise";
			};
			name = Release;
		};
		18B592F021D0C38E0074E86A /* Debug */ = {
			isa = XCBuildConfiguration;
			buildSettings = {
				ALWAYS_EMBED_SWIFT_STANDARD_LIBRARIES = YES;
				CODE_SIGN_STYLE = Automatic;
				INFOPLIST_FILE = SwiftExerciseUITests/Info.plist;
				LD_RUNPATH_SEARCH_PATHS = (
					"$(inherited)",
					"@executable_path/Frameworks",
					"@loader_path/Frameworks",
				);
				PRODUCT_BUNDLE_IDENTIFIER = com.sangame.com.SwiftExerciseUITests;
				PRODUCT_NAME = "$(TARGET_NAME)";
				SWIFT_VERSION = 4.0;
				TARGETED_DEVICE_FAMILY = "1,2";
				TEST_TARGET_NAME = SwiftExercise;
			};
			name = Debug;
		};
		18B592F121D0C38E0074E86A /* Release */ = {
			isa = XCBuildConfiguration;
			buildSettings = {
				ALWAYS_EMBED_SWIFT_STANDARD_LIBRARIES = YES;
				CODE_SIGN_STYLE = Automatic;
				INFOPLIST_FILE = SwiftExerciseUITests/Info.plist;
				LD_RUNPATH_SEARCH_PATHS = (
					"$(inherited)",
					"@executable_path/Frameworks",
					"@loader_path/Frameworks",
				);
				PRODUCT_BUNDLE_IDENTIFIER = com.sangame.com.SwiftExerciseUITests;
				PRODUCT_NAME = "$(TARGET_NAME)";
				SWIFT_VERSION = 4.0;
				TARGETED_DEVICE_FAMILY = "1,2";
				TEST_TARGET_NAME = SwiftExercise;
			};
			name = Release;
		};
/* End XCBuildConfiguration section */

/* Begin XCConfigurationList section */
		18B592BC21D0C38C0074E86A /* Build configuration list for PBXProject "SwiftExercise" */ = {
			isa = XCConfigurationList;
			buildConfigurations = (
				18B592E721D0C38E0074E86A /* Debug */,
				18B592E821D0C38E0074E86A /* Release */,
			);
			defaultConfigurationIsVisible = 0;
			defaultConfigurationName = Release;
		};
		18B592E921D0C38E0074E86A /* Build configuration list for PBXNativeTarget "SwiftExercise" */ = {
			isa = XCConfigurationList;
			buildConfigurations = (
				18B592EA21D0C38E0074E86A /* Debug */,
				18B592EB21D0C38E0074E86A /* Release */,
			);
			defaultConfigurationIsVisible = 0;
			defaultConfigurationName = Release;
		};
		18B592EC21D0C38E0074E86A /* Build configuration list for PBXNativeTarget "SwiftExerciseTests" */ = {
			isa = XCConfigurationList;
			buildConfigurations = (
				18B592ED21D0C38E0074E86A /* Debug */,
				18B592EE21D0C38E0074E86A /* Release */,
			);
			defaultConfigurationIsVisible = 0;
			defaultConfigurationName = Release;
		};
		18B592EF21D0C38E0074E86A /* Build configuration list for PBXNativeTarget "SwiftExerciseUITests" */ = {
			isa = XCConfigurationList;
			buildConfigurations = (
				18B592F021D0C38E0074E86A /* Debug */,
				18B592F121D0C38E0074E86A /* Release */,
			);
			defaultConfigurationIsVisible = 0;
			defaultConfigurationName = Release;
		};
/* End XCConfigurationList section */
	};
	rootObject = 18B592B921D0C38C0074E86A /* Project object */;
}
